
Microsoft Visual Studio Solution File, Format Version 12.00
# Visual Studio Version 16
VisualStudioVersion = 25.0.1706.3
MinimumVisualStudioVersion = 10.0.40219.1
Project("{FAE04EC0-301F-11D3-BF4B-00C04F79EFBC}") = "FizzBuzz", "FizzBuzz\FizzBuzz.csproj", "{6D6F2553-C8AF-4B90-B687-E6DE8B638971}"
EndProject
Global
	GlobalSection(SolutionConfigurationPlatforms) = preSolution
		Debug|Any CPU = Debug|Any CPU
		Release|Any CPU = Release|Any CPU
	EndGlobalSection
	GlobalSection(ProjectConfigurationPlatforms) = postSolution
		{6D6F2553-C8AF-4B90-B687-E6DE8B638971}.Debug|Any CPU.ActiveCfg = Debug|Any CPU
		{6D6F2553-C8AF-4B90-B687-E6DE8B638971}.Debug|Any CPU.Build.0 = Debug|Any CPU
		{6D6F2553-C8AF-4B90-B687-E6DE8B638971}.Release|Any CPU.ActiveCfg = Release|Any CPU
		{6D6F2553-C8AF-4B90-B687-E6DE8B638971}.Release|Any CPU.Build.0 = Release|Any CPU
	EndGlobalSection
	GlobalSection(SolutionProperties) = preSolution
		HideSolutionNode = FALSE
	EndGlobalSection
	GlobalSection(ExtensibilityGlobals) = postSolution
		SolutionGuid = {1CED2187-09BA-4089-A2CB-5CC096432212}
	EndGlobalSection
EndGlobal
